// !$*UTF8*$!
{
	archiveVersion = 1;
	classes = {
	};
	objectVersion = 46;
	objects = {

/* Begin PBXBuildFile section */
		0B72A7381A7A104300A3870B /* ezToast.h in CopyFiles */ = {isa = PBXBuildFile; fileRef = 0B72A7371A7A104300A3870B /* ezToast.h */; };
		0B72A73A1A7A104300A3870B /* ezToast.m in Sources */ = {isa = PBXBuildFile; fileRef = 0B72A7391A7A104300A3870B /* ezToast.m */; };
		0B72A7511A7A108000A3870B /* WToast.m in Sources */ = {isa = PBXBuildFile; fileRef = 0B72A74F1A7A108000A3870B /* WToast.m */; };
/* End PBXBuildFile section */

/* Begin PBXCopyFilesBuildPhase section */
		0B72A7321A7A104300A3870B /* CopyFiles */ = {
			isa = PBXCopyFilesBuildPhase;
			buildActionMask = 2147483647;
			dstPath = "include/$(PRODUCT_NAME)";
			dstSubfolderSpec = 16;
			files = (
				0B72A7381A7A104300A3870B /* ezToast.h in CopyFiles */,
			);
			runOnlyForDeploymentPostprocessing = 0;
		};
/* End PBXCopyFilesBuildPhase section */

/* Begin PBXFileReference section */
		0B72A7341A7A104300A3870B /* libezToast.a */ = {isa = PBXFileReference; explicitFileType = archive.ar; includeInIndex = 0; path = libezToast.a; sourceTree = BUILT_PRODUCTS_DIR; };
		0B72A7371A7A104300A3870B /* ezToast.h */ = {isa = PBXFileReference; lastKnownFileType = sourcecode.c.h; path = ezToast.h; sourceTree = "<group>"; };
		0B72A7391A7A104300A3870B /* ezToast.m */ = {isa = PBXFileReference; lastKnownFileType = sourcecode.c.objc; path = ezToast.m; sourceTree = "<group>"; };
		0B72A74E1A7A108000A3870B /* WToast.h */ = {isa = PBXFileReference; fileEncoding = 4; lastKnownFileType = sourcecode.c.h; path = WToast.h; sourceTree = "<group>"; };
		0B72A74F1A7A108000A3870B /* WToast.m */ = {isa = PBXFileReference; fileEncoding = 4; lastKnownFileType = sourcecode.c.objc; path = WToast.m; sourceTree = "<group>"; };
		0B72A7501A7A108000A3870B /* FlashRuntimeExtensions.h */ = {isa = PBXFileReference; fileEncoding = 4; lastKnownFileType = sourcecode.c.h; path = FlashRuntimeExtensions.h; sourceTree = "<group>"; };
/* End PBXFileReference section */

/* Begin PBXFrameworksBuildPhase section */
		0B72A7311A7A104300A3870B /* Frameworks */ = {
			isa = PBXFrameworksBuildPhase;
			buildActionMask = 2147483647;
			files = (
			);
			runOnlyForDeploymentPostprocessing = 0;
		};
/* End PBXFrameworksBuildPhase section */

/* Begin PBXGroup section */
		0B72A72B1A7A104300A3870B = {
			isa = PBXGroup;
			children = (
				0B72A74E1A7A108000A3870B /* WToast.h */,
				0B72A74F1A7A108000A3870B /* WToast.m */,
				0B72A7501A7A108000A3870B /* FlashRuntimeExtensions.h */,
				0B72A7361A7A104300A3870B /* ezToast */,
				0B72A7351A7A104300A3870B /* Products */,
			);
			sourceTree = "<group>";
		};
		0B72A7351A7A104300A3870B /* Products */ = {
			isa = PBXGroup;
			children = (
				0B72A7341A7A104300A3870B /* libezToast.a */,
			);
			name = Products;
			sourceTree = "<group>";
		};
		0B72A7361A7A104300A3870B /* ezToast */ = {
			isa = PBXGroup;
			children = (
				0B72A7371A7A104300A3870B /* ezToast.h */,
				0B72A7391A7A104300A3870B /* ezToast.m */,
			);
			path = ezToast;
			sourceTree = "<group>";
		};
/* End PBXGroup section */

/* Begin PBXNativeTarget section */
		0B72A7331A7A104300A3870B /* ezToast */ = {
			isa = PBXNativeTarget;
			buildConfigurationList = 0B72A7481A7A104300A3870B /* Build configuration list for PBXNativeTarget "ezToast" */;
			buildPhases = (
				0B72A7301A7A104300A3870B /* Sources */,
				0B72A7311A7A104300A3870B /* Frameworks */,
				0B72A7321A7A104300A3870B /* CopyFiles */,
			);
			buildRules = (
			);
			dependencies = (
			);
			name = ezToast;
			productName = ezToast;
			productReference = 0B72A7341A7A104300A3870B /* libezToast.a */;
			productType = "com.apple.product-type.library.static";
		};
/* End PBXNativeTarget section */

/* Begin PBXProject section */
		0B72A72C1A7A104300A3870B /* Project object */ = {
			isa = PBXProject;
			attributes = {
				LastUpgradeCheck = 0940;
				ORGANIZATIONNAME = "Fabrice Montfort";
				TargetAttributes = {
					0B72A7331A7A104300A3870B = {
						CreatedOnToolsVersion = 6.1.1;
					};
				};
			};
			buildConfigurationList = 0B72A72F1A7A104300A3870B /* Build configuration list for PBXProject "ezToast" */;
			compatibilityVersion = "Xcode 3.2";
			developmentRegion = English;
			hasScannedForEncodings = 0;
			knownRegions = (
				en,
			);
			mainGroup = 0B72A72B1A7A104300A3870B;
			productRefGroup = 0B72A7351A7A104300A3870B /* Products */;
			projectDirPath = "";
			projectRoot = "";
			targets = (
				0B72A7331A7A104300A3870B /* ezToast */,
			);
		};
/* End PBXProject section */

/* Begin PBXSourcesBuildPhase section */
		0B72A7301A7A104300A3870B /* Sources */ = {
			isa = PBXSourcesBuildPhase;
			buildActionMask = 2147483647;
			files = (
				0B72A73A1A7A104300A3870B /* ezToast.m in Sources */,
				0B72A7511A7A108000A3870B /* WToast.m in Sources */,
			);
			runOnlyForDeploymentPostprocessing = 0;
		};
/* End PBXSourcesBuildPhase section */

/* Begin XCBuildConfiguration section */
		0B72A7461A7A104300A3870B /* Debug */ = {
			isa = XCBuildConfiguration;
			buildSettings = {
				ALWAYS_SEARCH_USER_PATHS = NO;
				CLANG_CXX_LANGUAGE_STANDARD = "gnu++0x";
				CLANG_CXX_LIBRARY = "libc++";
				CLANG_ENABLE_MODULES = YES;
				CLANG_ENABLE_OBJC_ARC = YES;
				CLANG_WARN_BLOCK_CAPTURE_AUTORELEASING = YES;
				CLANG_WARN_BOOL_CONVERSION = YES;
				CLANG_WARN_COMMA = YES;
				CLANG_WARN_CONSTANT_CONVERSION = YES;
				CLANG_WARN_DEPRECATED_OBJC_IMPLEMENTATIONS = YES;
				CLANG_WARN_DIRECT_OBJC_ISA_USAGE = YES_ERROR;
				CLANG_WARN_EMPTY_BODY = YES;
				CLANG_WARN_ENUM_CONVERSION = YES;
				CLANG_WARN_INFINITE_RECURSION = YES;
				CLANG_WARN_INT_CONVERSION = YES;
				CLANG_WARN_NON_LITERAL_NULL_CONVERSION = YES;
				CLANG_WARN_OBJC_IMPLICIT_RETAIN_SELF = YES;
				CLANG_WARN_OBJC_LITERAL_CONVERSION = YES;
				CLANG_WARN_OBJC_ROOT_CLASS = YES_ERROR;
				CLANG_WARN_RANGE_LOOP_ANALYSIS = YES;
				CLANG_WARN_STRICT_PROTOTYPES = YES;
				CLANG_WARN_SUSPICIOUS_MOVE = YES;
				CLANG_WARN_UNREACHABLE_CODE = YES;
				CLANG_WARN__DUPLICATE_METHOD_MATCH = YES;
				COPY_PHASE_STRIP = NO;
				ENABLE_STRICT_OBJC_MSGSEND = YES;
				ENABLE_TESTABILITY = YES;
				GCC_C_LANGUAGE_STANDARD = gnu99;
				GCC_DYNAMIC_NO_PIC = NO;
				GCC_NO_COMMON_BLOCKS = YES;
				GCC_OPTIMIZATION_LEVEL = 0;
				GCC_PREPROCESSOR_DEFINITIONS = (
					"DEBUG=1",
					"$(inherited)",
				);
				GCC_SYMBOLS_PRIVATE_EXTERN = NO;
				GCC_WARN_64_TO_32_BIT_CONVERSION = YES;
				GCC_WARN_ABOUT_RETURN_TYPE = YES_ERROR;
				GCC_WARN_UNDECLARED_SELECTOR = YES;
				GCC_WARN_UNINITIALIZED_AUTOS = YES_AGGRESSIVE;
				GCC_WARN_UNUSED_FUNCTION = YES;
				GCC_WARN_UNUSED_VARIABLE = YES;
				IPHONEOS_DEPLOYMENT_TARGET = 8.0;
				MTL_ENABLE_DEBUG_INFO = YES;
				ONLY_ACTIVE_ARCH = YES;
				SDKROOT = iphoneos;
				VALIDATE_PRODUCT = YES;
			};
			name = Debug;
		};
		0B72A7471A7A104300A3870B /* Release */ = {
			isa = XCBuildConfiguration;
			buildSettings = {
				ALWAYS_SEARCH_USER_PATHS = NO;
				CLANG_CXX_LANGUAGE_STANDARD = "gnu++0x";
				CLANG_CXX_LIBRARY = "libc++";
				CLANG_ENABLE_MODULES = YES;
				CLANG_ENABLE_OBJC_ARC = YES;
				CLANG_WARN_BLOCK_CAPTURE_AUTORELEASING = YES;
				CLANG_WARN_BOOL_CONVERSION = YES;
				CLANG_WARN_COMMA = YES;
				CLANG_WARN_CONSTANT_CONVERSION = YES;
				CLANG_WARN_DEPRECATED_OBJC_IMPLEMENTATIONS = YES;
				CLANG_WARN_DIRECT_OBJC_ISA_USAGE = YES_ERROR;
				CLANG_WARN_EMPTY_BODY = YES;
				CLANG_WARN_ENUM_CONVERSION = YES;
				CLANG_WARN_INFINITE_RECURSION = YES;
				CLANG_WARN_INT_CONVERSION = YES;
				CLANG_WARN_NON_LITERAL_NULL_CONVERSION = YES;
				CLANG_WARN_OBJC_IMPLICIT_RETAIN_SELF = YES;
				CLANG_WARN_OBJC_LITERAL_CONVERSION = YES;
				CLANG_WARN_OBJC_ROOT_CLASS = YES_ERROR;
				CLANG_WARN_RANGE_LOOP_ANALYSIS = YES;
				CLANG_WARN_STRICT_PROTOTYPES = YES;
				CLANG_WARN_SUSPICIOUS_MOVE = YES;
				CLANG_WARN_UNREACHABLE_CODE = YES;
				CLANG_WARN__DUPLICATE_METHOD_MATCH = YES;
				COPY_PHASE_STRIP = YES;
				ENABLE_NS_ASSERTIONS = NO;
				ENABLE_STRICT_OBJC_MSGSEND = YES;
				GCC_C_LANGUAGE_STANDARD = gnu99;
				GCC_NO_COMMON_BLOCKS = YES;
				GCC_WARN_64_TO_32_BIT_CONVERSION = YES;
				GCC_WARN_ABOUT_RETURN_TYPE = YES_ERROR;
				GCC_WARN_UNDECLARED_SELECTOR = YES;
				GCC_WARN_UNINITIALIZED_AUTOS = YES_AGGRESSIVE;
				GCC_WARN_UNUSED_FUNCTION = YES;
				GCC_WARN_UNUSED_VARIABLE = YES;
				IPHONEOS_DEPLOYMENT_TARGET = 8.0;
				MTL_ENABLE_DEBUG_INFO = NO;
				ONLY_ACTIVE_ARCH = NO;
				SDKROOT = iphoneos;
				VALIDATE_PRODUCT = YES;
			};
			name = Release;
		};
		0B72A7491A7A104300A3870B /* Debug */ = {
			isa = XCBuildConfiguration;
			buildSettings = {
				OTHER_LDFLAGS = "-ObjC";
				PRODUCT_NAME = "$(TARGET_NAME)";
				SKIP_INSTALL = YES;
			};
			name = Debug;
		};
		0B72A74A1A7A104300A3870B /* Release */ = {
			isa = XCBuildConfiguration;
			buildSettings = {
				OTHER_LDFLAGS = "-ObjC";
				PRODUCT_NAME = "$(TARGET_NAME)";
				SKIP_INSTALL = YES;
			};
			name = Release;
		};
/* End XCBuildConfiguration section */

/* Begin XCConfigurationList section */
		0B72A72F1A7A104300A3870B /* Build configuration list for PBXProject "ezToast" */ = {
			isa = XCConfigurationList;
			buildConfigurations = (
				0B72A7461A7A104300A3870B /* Debug */,
				0B72A7471A7A104300A3870B /* Release */,
			);
			defaultConfigurationIsVisible = 0;
			defaultConfigurationName = Release;
		};
		0B72A7481A7A104300A3870B /* Build configuration list for PBXNativeTarget "ezToast" */ = {
			isa = XCConfigurationList;
			buildConfigurations = (
				0B72A7491A7A104300A3870B /* Debug */,
				0B72A74A1A7A104300A3870B /* Release */,
			);
			defaultConfigurationIsVisible = 0;
			defaultConfigurationName = Release;
		};
/* End XCConfigurationList section */
	};
	rootObject = 0B72A72C1A7A104300A3870B /* Project object */;
}
